{
  "requires": true,
  "lockfileVersion": 1,
  "dependencies": {
    "@angular/core": {
      "version": "9.1.9",
      "resolved": "https://registry.npmjs.org/@angular/core/-/core-9.1.9.tgz",
      "integrity": "sha512-q/DERgVU6vK2LtTcdVCGGBcoO424WsEfImh3Vcuy+P/ZVmthlDUC/+q+tSKt8MMf4hLpxFDQJE8vUSkktj7QEw=="
    }
  }
}
